{
    "version": 3,
    "terraform_version": "0.11.10",
    "serial": 20,
    "lineage": "fda847fe-3c63-7745-ff6f-f992daf2f948",
    "modules": [
        {
            "path": [
                "root"
            ],
            "outputs": {
                "bubba": {
                    "sensitive": false,
                    "type": "string",
                    "value": "table7jkapprg"
                },
                "more": {
                    "sensitive": false,
                    "type": "string",
                    "value": "d745b7ec-f3c0-4468-ad52-215615a5100d"
                },
                "vm_ip": {
                    "sensitive": false,
                    "type": "list",
                    "value": [
                        "40.124.46.137"
                    ]
                }
            },
            "resources": {
                "azurerm_public_ip.myip": {
                    "type": "azurerm_public_ip",
                    "depends_on": [
                        "azurerm_resource_group.thegroup"
                    ],
                    "primary": {
                        "id": "/subscriptions/0ab9ad2e-f316-4da5-b243-e7f65da24755/resourceGroups/table7jkapprg/providers/Microsoft.Network/publicIPAddresses/table7jkpubip",
                        "attributes": {
                            "id": "/subscriptions/0ab9ad2e-f316-4da5-b243-e7f65da24755/resourceGroups/table7jkapprg/providers/Microsoft.Network/publicIPAddresses/table7jkpubip",
                            "idle_timeout_in_minutes": "4",
                            "ip_address": "40.124.46.137",
                            "ip_version": "ipv4",
                            "location": "southcentralus",
                            "name": "table7jkpubip",
                            "public_ip_address_allocation": "static",
                            "resource_group_name": "table7jkapprg",
                            "sku": "Basic",
                            "tags.%": "1",
                            "tags.environment": "testing",
                            "zones.#": "0"
                        },
                        "meta": {},
                        "tainted": false
                    },
                    "deposed": [],
                    "provider": "provider.azurerm"
                },
                "azurerm_resource_group.thegroup": {
                    "type": "azurerm_resource_group",
                    "depends_on": [],
                    "primary": {
                        "id": "/subscriptions/0ab9ad2e-f316-4da5-b243-e7f65da24755/resourceGroups/table7jkapprg",
                        "attributes": {
                            "id": "/subscriptions/0ab9ad2e-f316-4da5-b243-e7f65da24755/resourceGroups/table7jkapprg",
                            "location": "southcentralus",
                            "name": "table7jkapprg",
                            "tags.%": "0"
                        },
                        "meta": {},
                        "tainted": false
                    },
                    "deposed": [],
                    "provider": "provider.azurerm"
                },
                "azurerm_subnet.mysub": {
                    "type": "azurerm_subnet",
                    "depends_on": [
                        "azurerm_resource_group.thegroup",
                        "azurerm_virtual_network.mynet"
                    ],
                    "primary": {
                        "id": "/subscriptions/0ab9ad2e-f316-4da5-b243-e7f65da24755/resourceGroups/table7jkapprg/providers/Microsoft.Network/virtualNetworks/myvnet/subnets/mysubnet",
                        "attributes": {
                            "address_prefix": "10.0.1.0/24",
                            "id": "/subscriptions/0ab9ad2e-f316-4da5-b243-e7f65da24755/resourceGroups/table7jkapprg/providers/Microsoft.Network/virtualNetworks/myvnet/subnets/mysubnet",
                            "ip_configurations.#": "0",
                            "name": "mysubnet",
                            "resource_group_name": "table7jkapprg",
                            "route_table_id": "",
                            "service_endpoints.#": "0",
                            "virtual_network_name": "myvnet"
                        },
                        "meta": {},
                        "tainted": false
                    },
                    "deposed": [],
                    "provider": "provider.azurerm"
                },
                "azurerm_virtual_network.mynet": {
                    "type": "azurerm_virtual_network",
                    "depends_on": [
                        "azurerm_resource_group.thegroup"
                    ],
                    "primary": {
                        "id": "/subscriptions/0ab9ad2e-f316-4da5-b243-e7f65da24755/resourceGroups/table7jkapprg/providers/Microsoft.Network/virtualNetworks/myvnet",
                        "attributes": {
                            "address_space.#": "1",
                            "address_space.0": "10.0.0.0/16",
                            "dns_servers.#": "0",
                            "id": "/subscriptions/0ab9ad2e-f316-4da5-b243-e7f65da24755/resourceGroups/table7jkapprg/providers/Microsoft.Network/virtualNetworks/myvnet",
                            "location": "southcentralus",
                            "name": "myvnet",
                            "resource_group_name": "table7jkapprg",
                            "subnet.#": "0",
                            "tags.%": "1",
                            "tags.environment": "Testing"
                        },
                        "meta": {},
                        "tainted": false
                    },
                    "deposed": [],
                    "provider": "provider.azurerm"
                }
            },
            "depends_on": []
        }
    ]
}
