{
    "version": 3,
    "terraform_version": "0.11.10",
    "serial": 6,
    "lineage": "d6a6f056-fce6-45b3-9f16-0675ab4df4fc",
    "modules": [
        {
            "path": [
                "root"
            ],
            "outputs": {},
            "resources": {
                "azurerm_app_service_plan.theappplan": {
                    "type": "azurerm_app_service_plan",
                    "depends_on": [
                        "azurerm_resource_group.thegroup"
                    ],
                    "primary": {
                        "id": "/subscriptions/0ab9ad2e-f316-4da5-b243-e7f65da24755/resourceGroups/table7jkapprg/providers/Microsoft.Web/serverfarms/table7jkwebappplan",
                        "attributes": {
                            "id": "/subscriptions/0ab9ad2e-f316-4da5-b243-e7f65da24755/resourceGroups/table7jkapprg/providers/Microsoft.Web/serverfarms/table7jkwebappplan",
                            "kind": "Windows",
                            "location": "southcentralus",
                            "maximum_number_of_workers": "10",
                            "name": "table7jkwebappplan",
                            "properties.#": "1",
                            "properties.0.app_service_environment_id": "",
                            "properties.0.per_site_scaling": "false",
                            "properties.0.reserved": "false",
                            "resource_group_name": "table7jkapprg",
                            "sku.#": "1",
                            "sku.0.capacity": "1",
                            "sku.0.size": "S1",
                            "sku.0.tier": "Standard",
                            "tags.%": "0"
                        },
                        "meta": {},
                        "tainted": false
                    },
                    "deposed": [],
                    "provider": "provider.azurerm"
                },
                "azurerm_resource_group.thegroup": {
                    "type": "azurerm_resource_group",
                    "depends_on": [],
                    "primary": {
                        "id": "/subscriptions/0ab9ad2e-f316-4da5-b243-e7f65da24755/resourceGroups/table7jkapprg",
                        "attributes": {
                            "id": "/subscriptions/0ab9ad2e-f316-4da5-b243-e7f65da24755/resourceGroups/table7jkapprg",
                            "location": "southcentralus",
                            "name": "table7jkapprg",
                            "tags.%": "0"
                        },
                        "meta": {},
                        "tainted": false
                    },
                    "deposed": [],
                    "provider": "provider.azurerm"
                }
            },
            "depends_on": []
        }
    ]
}
